
Microsoft Visual Studio Solution File, Format Version 12.00
# Visual Studio Version 17
VisualStudioVersion = 17.0.31912.275
MinimumVisualStudioVersion = 10.0.40219.1
Project("{8BC9CEB8-8B4A-11D0-8D11-00A0C91BC942}") = "Functions_Factorial", "Functions_Factorial.vcxproj", "{3202EBEA-B916-40D4-957B-D2A7D80B8131}"
EndProject
Global
	GlobalSection(SolutionConfigurationPlatforms) = preSolution
		Debug|x64 = Debug|x64
		Debug|x86 = Debug|x86
		Release|x64 = Release|x64
		Release|x86 = Release|x86
	EndGlobalSection
	GlobalSection(ProjectConfigurationPlatforms) = postSolution
		{3202EBEA-B916-40D4-957B-D2A7D80B8131}.Debug|x64.ActiveCfg = Debug|x64
		{3202EBEA-B916-40D4-957B-D2A7D80B8131}.Debug|x64.Build.0 = Debug|x64
		{3202EBEA-B916-40D4-957B-D2A7D80B8131}.Debug|x86.ActiveCfg = Debug|Win32
		{3202EBEA-B916-40D4-957B-D2A7D80B8131}.Debug|x86.Build.0 = Debug|Win32
		{3202EBEA-B916-40D4-957B-D2A7D80B8131}.Release|x64.ActiveCfg = Release|x64
		{3202EBEA-B916-40D4-957B-D2A7D80B8131}.Release|x64.Build.0 = Release|x64
		{3202EBEA-B916-40D4-957B-D2A7D80B8131}.Release|x86.ActiveCfg = Release|Win32
		{3202EBEA-B916-40D4-957B-D2A7D80B8131}.Release|x86.Build.0 = Release|Win32
	EndGlobalSection
	GlobalSection(SolutionProperties) = preSolution
		HideSolutionNode = FALSE
	EndGlobalSection
	GlobalSection(ExtensibilityGlobals) = postSolution
		SolutionGuid = {E98D2A1F-328E-43FE-A3F5-7961D7D2FC62}
	EndGlobalSection
EndGlobal
